
Microsoft Visual Studio Solution File, Format Version 12.00
# Visual Studio Version 17
VisualStudioVersion = 17.0.31903.59
MinimumVisualStudioVersion = 10.0.40219.1
Project("{FAE04EC0-301F-11D3-BF4B-00C04F79EFBC}") = "Cryptography.Console", "Cryptography\Cryptography.Console.csproj", "{749AB987-1749-49C0-A2EF-20BD4828255F}"
EndProject
Project("{FAE04EC0-301F-11D3-BF4B-00C04F79EFBC}") = "Cryptography.Lib", "Cryptography.Lib\Cryptography.Lib.csproj", "{A943335D-D753-46ED-B13B-08F0CCB5AAA2}"
EndProject
Global
	GlobalSection(SolutionConfigurationPlatforms) = preSolution
		Debug|Any CPU = Debug|Any CPU
		Release|Any CPU = Release|Any CPU
	EndGlobalSection
	GlobalSection(ProjectConfigurationPlatforms) = postSolution
		{749AB987-1749-49C0-A2EF-20BD4828255F}.Debug|Any CPU.ActiveCfg = Debug|Any CPU
		{749AB987-1749-49C0-A2EF-20BD4828255F}.Debug|Any CPU.Build.0 = Debug|Any CPU
		{749AB987-1749-49C0-A2EF-20BD4828255F}.Release|Any CPU.ActiveCfg = Release|Any CPU
		{749AB987-1749-49C0-A2EF-20BD4828255F}.Release|Any CPU.Build.0 = Release|Any CPU
		{A943335D-D753-46ED-B13B-08F0CCB5AAA2}.Debug|Any CPU.ActiveCfg = Debug|Any CPU
		{A943335D-D753-46ED-B13B-08F0CCB5AAA2}.Debug|Any CPU.Build.0 = Debug|Any CPU
		{A943335D-D753-46ED-B13B-08F0CCB5AAA2}.Release|Any CPU.ActiveCfg = Release|Any CPU
		{A943335D-D753-46ED-B13B-08F0CCB5AAA2}.Release|Any CPU.Build.0 = Release|Any CPU
	EndGlobalSection
	GlobalSection(SolutionProperties) = preSolution
		HideSolutionNode = FALSE
	EndGlobalSection
	GlobalSection(ExtensibilityGlobals) = postSolution
		SolutionGuid = {AB5A6D25-66A6-4E64-B9CF-C2C9F35A1697}
	EndGlobalSection
EndGlobal
